github.com/gorilla/websocket v1.4.0 h1:WDFjx/TMzVgy9VdMMQi2K2Emtwi2QcUQsztZ/zLaH/Q=
github.com/gorilla/websocket v1.4.0/go.mod h1:E7qHFY5m1UJ88s3WnNqhKjPHQ0heANvMoAMk2YaljkQ=
github.com/telenordigital/nbiot-go v0.0.0-20200213152547-104e7da6b46b h1:SHbkGxRdxGpxui3DLZUAiRiFZcKXJpPh78vZPYj/q0s=
github.com/telenordigital/nbiot-go v0.0.0-20200213152547-104e7da6b46b/go.mod h1:yMF8A+MyEU+nm0GCBhOqxMiqFtzg5kqyjsh/JWCy21M=
