github.com/DataDog/zstd v1.3.6-0.20190409195224-796139022798/go.mod h1:1jcaCB/ufaK+sKp1NBhlGmpz41jOoPQ35bpF36t7BBo=
github.com/ExploratoryEngineering/air-quality-sensor-node v0.0.0-20200403131942-73394121294d h1:3Om5jGcRgmVbXnxoiJR6glEwd0B58d95E9JLkQnvRKQ=
github.com/Shopify/sarama v1.23.0/go.mod h1:XLH1GYJnLVE0XCr6KdJGVJRTwY30moWNJ4sERjXX6fs=
github.com/Shopify/toxiproxy v2.1.4+incompatible/go.mod h1:OXgGpZ6Cli1/URJOF1DMxUHB2q5Ap20/P/eIdh4G0pI=
github.com/StackExchange/wmi v0.0.0-20181212234831-e0a55b97c705/go.mod h1:3eOhrUMpNV+6aFIbp5/iudMxNCF27Vw2OZgy4xEx0Fg=
github.com/araddon/dateparse v0.0.0-20190622164848-0fb0a474d195 h1:c4mLfegoDw6OhSJXTd2jUEQgZUQuJWtocudb97Qn9EM=
github.com/araddon/dateparse v0.0.0-20190622164848-0fb0a474d195/go.mod h1:SLqhdZcd+dF3TEVL2RMoob5bBP5R1P1qkox+HtCBgGI=
github.com/aws/aws-sdk-go v1.30.4 h1:dpQgypC3rld2Uuz+/2u+0nbfmmyEWxau6v1hdAlvoc8=
github.com/aws/aws-sdk-go v1.30.4/go.mod h1:5zCpMtNQVjRREroY7sYe8lOMRSxkhG6MZveU8YkpAk0=
github.com/bitly/go-simplejson v0.5.0/go.mod h1:cXHtHw4XUPsvGaxgjIAn8PhEWG9NfngEKAMDJEczWVA=
github.com/bmizerany/assert v0.0.0-20160611221934-b7ed37b82869/go.mod h1:Ekp36dRnpXw/yCqJaO+ZrUyxD+3VXMFFr56k5XYrpB4=
github.com/boltdb/bolt v1.3.1/go.mod h1:clJnj/oiGkjum5o1McbSZDSLxVThjynRyGBgiAx27Ps=
github.com/davecgh/go-spew v1.1.0/go.mod h1:J7Y8YcW2NihsgmVo/mv3lAwl/skON4iLHjSsI+c5H38=
github.com/davecgh/go-spew v1.1.1 h1:vj9j/u1bqnvCEfJOwUhtlOARqs3+rkHYY13jYWTU97c=
github.com/davecgh/go-spew v1.1.1/go.mod h1:J7Y8YcW2NihsgmVo/mv3lAwl/skON4iLHjSsI+c5H38=
github.com/dustin/go-humanize v1.0.0/go.mod h1:HtrtbFcZ19U5GC7JDqmcUSB87Iq5E25KnS6fMYU6eOk=
github.com/eapache/go-resiliency v1.1.0/go.mod h1:kFI+JgMyC7bLPUVY133qvEBtVayf5mFgVsvEsIPBvNs=
github.com/eapache/go-xerial-snappy v0.0.0-20180814174437-776d5712da21/go.mod h1:+020luEh2TKB4/GOp8oxxtq0Daoen/Cii55CzbTV6DU=
github.com/eapache/queue v1.1.0/go.mod h1:6eCeP0CKFpHLu8blIFXhExK/dRa7WDZfr6jVFPTqq+I=
github.com/eclipse/paho.mqtt.golang v1.2.0/go.mod h1:H9keYFcgq3Qr5OUJm/JZI/i6U7joQ8SYLhZwfeOo6Ts=
github.com/fhmq/hmq v0.0.0-20200119031921-55f1f1aa8001/go.mod h1:DSVRD9B0gURdlOfJsDlMosM5TbkueLWd5W5m08JOHTk=
github.com/gin-contrib/sse v0.0.0-20190301062529-5545eab6dad3/go.mod h1:VJ0WA2NBN22VlZ2dKZQPAPnyWw5XTlK1KymzLKsr59s=
github.com/gin-gonic/gin v1.4.0/go.mod h1:OW2EZn3DO8Ln9oIKOvM++LBO+5UPHJJDH72/q/3rZdM=
github.com/go-ole/go-ole v1.2.4/go.mod h1:XCwSNxSkXRo4vlyPy93sltvi/qJq0jqQhjqQNIwKuxM=
github.com/go-sql-driver/mysql v1.4.0/go.mod h1:zAC/RDZ24gD3HViQzih4MyKcchzm+sOG5ZlKdlhCg5w=
github.com/go-sql-driver/mysql v1.5.0/go.mod h1:DCzpHaOWr8IXmIStZouvnhqoel9Qv2LBy8hT2VhHyBg=
github.com/golang/protobuf v1.3.1/go.mod h1:6lQm79b+lXiMfvg/cZm0SGofjICqVBUtrP5yJMmIC1U=
github.com/golang/protobuf v1.3.2/go.mod h1:6lQm79b+lXiMfvg/cZm0SGofjICqVBUtrP5yJMmIC1U=
github.com/golang/protobuf v1.4.0-rc.1/go.mod h1:ceaxUfeHdC40wWswd/P6IGgMaK3YpKi5j83Wpe3EHw8=
github.com/golang/protobuf v1.4.0-rc.1.0.20200221234624-67d41d38c208/go.mod h1:xKAWHe0F5eneWXFV3EuXVDTCmh+JuBKY0li0aMyXATA=
github.com/golang/protobuf v1.4.0-rc.2 h1:rn85MJyaapkaJOXLeyGQhbUqS1RMbDp1nHMZqS8lJcw=
github.com/golang/protobuf v1.4.0-rc.2/go.mod h1:LlEzMj4AhA7rCAGe4KMBDvJI+AwstrUpVNzEA03Pprs=
github.com/golang/snappy v0.0.1/go.mod h1:/XxbfmMg8lxefKM7IXC3fBNl/7bRcc72aCRzEWrmP2Q=
github.com/google/easypki v1.1.0/go.mod h1:jqFtMfHDa5FJ3AZkSgTUWHixv+7OpCKWPGFshnOGRg8=
github.com/google/go-cmp v0.3.0/go.mod h1:8QqcDgzrUqlUb/G2PQTWiueGozuR1884gddMywk6iLU=
github.com/google/go-cmp v0.3.1/go.mod h1:8QqcDgzrUqlUb/G2PQTWiueGozuR1884gddMywk6iLU=
github.com/google/go-cmp v0.4.0/go.mod h1:v8dTdLbMG2kIc/vJvl+f65V22dbkXbowE6jgT/gNBxE=
github.com/gorilla/websocket v1.4.0 h1:WDFjx/TMzVgy9VdMMQi2K2Emtwi2QcUQsztZ/zLaH/Q=
github.com/gorilla/websocket v1.4.0/go.mod h1:E7qHFY5m1UJ88s3WnNqhKjPHQ0heANvMoAMk2YaljkQ=
github.com/hashicorp/go-uuid v1.0.1/go.mod h1:6SBZvOh/SIDV7/2o3Jml5SYk/TvGqwFJ/bN7x4byOro=
github.com/jcmturner/gofork v0.0.0-20190328161633-dc7c13fece03/go.mod h1:MK8+TM0La+2rjBD4jE12Kj1pCCxK7d2LK/UM3ncEo0o=
github.com/jessevdk/go-flags v1.4.0 h1:4IU2WS7AumrZ/40jfhf4QVDMsQwqA7VEHozFRrGARJA=
github.com/jessevdk/go-flags v1.4.0/go.mod h1:4FA24M0QyGHXBuZZK/XkWh8h0e1EYbRYJSGM75WSRxI=
github.com/jmespath/go-jmespath v0.3.0 h1:OS12ieG61fsCg5+qLJ+SsW9NicxNkg3b25OyT2yCeUc=
github.com/jmespath/go-jmespath v0.3.0/go.mod h1:9QtRXoHjLGCJ5IBSaohpXITPlowMeeYCZ7fLUTSywik=
github.com/jmoiron/sqlx v1.2.0 h1:41Ip0zITnmWNR/vHV+S4m+VoUivnWY5E4OJfLZjCJMA=
github.com/jmoiron/sqlx v1.2.0/go.mod h1:1FEQNm3xlJgrMD+FBdI9+xvCksHtbpVBBw5dYhBSsks=
github.com/json-iterator/go v1.1.6/go.mod h1:+SdeFBvtyEkXs7REEP0seUULqWtbJapLOCVDaaPEHmU=
github.com/kataras/tablewriter v0.0.0-20180708051242-e063d29b7c23/go.mod h1:kBSna6b0/RzsOcOZf515vAXwSsXYusl2U7SA0XP09yI=
github.com/kr/pretty v0.1.0/go.mod h1:dAy3ld7l9f0ibDNOQOHHMYYIIbhfbHSm3C4ZsoJORNo=
github.com/kr/pty v1.1.1/go.mod h1:pFQYn66WHrOpPYNljwOMqo10TkYh1fy3cYio2l3bCsQ=
github.com/kr/text v0.1.0/go.mod h1:4Jbv+DJW3UT/LiOwJeYQe1efqtUx/iVham/4vfdArNI=
github.com/landoop/tableprinter v0.0.0-20200104100433-ae9249991eb1/go.mod h1:f0X1c0za3TbET/rl5ThtCSel0+G3/yZ8iuU9BxnyVK0=
github.com/lib/pq v1.0.0/go.mod h1:5WUZQaWbwv1U+lTReE5YruASi9Al49XbQIvNi/34Woo=
github.com/magiconair/properties v1.8.1/go.mod h1:PppfXfuXeibc/6YijjN8zIbojt8czPbwD3XqdrwzmxQ=
github.com/mattn/go-isatty v0.0.7/go.mod h1:Iq45c/XA43vh69/j3iqttzPXn0bhXyGjM0Hdxcsrc5s=
github.com/mattn/go-runewidth v0.0.9/go.mod h1:H031xJmbD/WCDINGzjvQ9THkh0rPKHF+m2gUSrubnMI=
github.com/mattn/go-sqlite3 v1.9.0 h1:pDRiWfl+++eC2FEFRy6jXmQlvp4Yh3z1MJKg4UeYM/4=
github.com/mattn/go-sqlite3 v1.9.0/go.mod h1:FPy6KqzDD04eiIsT53CuJW3U88zkxoIYsOqkbpncsNc=
github.com/modern-go/concurrent v0.0.0-20180306012644-bacd9c7ef1dd/go.mod h1:6dJC0mAP4ikYIbvyc7fijjWJddQyLn8Ig3JB5CqoB9Q=
github.com/modern-go/reflect2 v1.0.1/go.mod h1:bx2lNnkwVCuqBIxFjflWJWanXIb3RllmbCylyMrvgv0=
github.com/patrickmn/go-cache v2.1.0+incompatible/go.mod h1:3Qf8kWWT7OJRJbdiICTKqZju1ZixQ/KpMGzzAfe6+WQ=
github.com/pierrec/lz4 v0.0.0-20190327172049-315a67e90e41/go.mod h1:3/3N9NVKO0jef7pBehbT1qWhCMrIgbYNnFAZCqQ5LRc=
github.com/pkg/errors v0.8.1/go.mod h1:bwawxfHBFNV+L2hUp1rHADufV3IMtnDRdf1r5NINEl0=
github.com/pkg/errors v0.9.1/go.mod h1:bwawxfHBFNV+L2hUp1rHADufV3IMtnDRdf1r5NINEl0=
github.com/pkg/profile v1.2.1/go.mod h1:hJw3o1OdXxsrSjjVksARp5W95eeEaEfptyVZyv6JUPA=
github.com/pmezard/go-difflib v1.0.0 h1:4DBwDE0NGyQoBHbLQYPwSUPoCMWR5BEzIk/f1lZbAQM=
github.com/pmezard/go-difflib v1.0.0/go.mod h1:iKH77koFhYxTK1pcRnkKkqfTogsbg7gZNVY4sRDYZ/4=
github.com/rcrowley/go-metrics v0.0.0-20181016184325-3113b8401b8a/go.mod h1:bCqnVzQkZxMG4s8nGwiZ5l3QUCyqpo9Y+/ZMZ9VjZe4=
github.com/satori/go.uuid v1.2.0/go.mod h1:dA0hQrYB0VpLJoorglMZABFdXlWrHn1NEOzdhQKdks0=
github.com/segmentio/fasthash v0.0.0-20180216231524-a72b379d632e/go.mod h1:tm/wZFQ8e24NYaBGIlnO2WGCAi67re4HHuOm0sftE/M=
github.com/sgreben/piecewiselinear v0.0.0-20200103140426-2cdc2ca8c19b h1:nQ1q2dJoMBt/RRvUY2S1ej6ZYGfATlnnsF69Yxu94r8=
github.com/sgreben/piecewiselinear v0.0.0-20200103140426-2cdc2ca8c19b/go.mod h1:7D0uT3k3SE4rEiE6wuDwVfgd7U31LXMSz4G6kM/bpTM=
github.com/shirou/gopsutil v2.18.12+incompatible/go.mod h1:5b4v6he4MtMOwMlS0TUMTu2PcXUg8+E1lC7eC3UO/RA=
github.com/stretchr/objx v0.1.0/go.mod h1:HFkY916IF+rwdDfMAkV7OtwuqBVzrE8GR6GFx+wExME=
github.com/stretchr/testify v1.3.0 h1:TivCn/peBQ7UY8ooIcPgZFpTNSz0Q2U6UrFlUfqbe0Q=
github.com/stretchr/testify v1.3.0/go.mod h1:M5WIy9Dh21IEIfnGCwXGc5bZfKNJtfHm1UVUgZn+9EI=
github.com/stretchr/testify v1.5.1/go.mod h1:5W2xD1RspED5o8YsWQXVCued0rvSQ+mT+I5cxcmMvtA=
github.com/telenordigital/nbiot-go v0.0.0-20200302123245-033df8c1f27d h1:004N8KmB861eFgoQSAqzDkvup4906PyGM4ttf01BtHY=
github.com/telenordigital/nbiot-go v0.0.0-20200302123245-033df8c1f27d/go.mod h1:yMF8A+MyEU+nm0GCBhOqxMiqFtzg5kqyjsh/JWCy21M=
github.com/tidwall/gjson v1.3.0/go.mod h1:P256ACg0Mn+j1RXIDXoss50DeIABTYK1PULOJHhxOls=
github.com/tidwall/match v1.0.1/go.mod h1:LujAq0jyVjBy028G1WhWfIzbpQfMO8bBZ6Tyb0+pL9E=
github.com/tidwall/pretty v1.0.0/go.mod h1:XNkn88O1ChpSDQmQeStsy+sBenx6DDtFZJxhVysOjyk=
github.com/ugorji/go v1.1.4/go.mod h1:uQMGLiO92mf5W77hV/PUCpI3pbzQx3CRekS0kk+RGrc=
github.com/xdg/scram v0.0.0-20180814205039-7eeb5667e42c/go.mod h1:lB8K/P019DLNhemzwFU4jHLhdvlE6uDZjXFejJXr49I=
github.com/xdg/stringprep v1.0.0/go.mod h1:Jhud4/sHMO4oL310DaZAKk9ZaJ08SJfe+sJh0HrGL1Y=
go.uber.org/atomic v1.4.0/go.mod h1:gD2HeocX3+yG+ygLZcrzQJaqmWj9AIm7n08wl/qW/PE=
go.uber.org/multierr v1.1.0/go.mod h1:wR5kodmAFQ0UK8QlbwjlSNy0Z68gJhDJUG5sjR94q/0=
go.uber.org/zap v1.10.0/go.mod h1:vwi/ZaCAaUcBkycHslxD9B2zi4UTXhF60s6SWpuDF0Q=
golang.org/x/crypto v0.0.0-20190308221718-c2843e01d9a2/go.mod h1:djNgcEr1/C05ACkg1iLfiJU5Ep61QUkGW8qpdssI0+w=
golang.org/x/crypto v0.0.0-20190404164418-38d8ce5564a5/go.mod h1:WFFai1msRO1wXaEeE5yQxYXgSfI8pQAWXbQop6sCtWE=
golang.org/x/crypto v0.0.0-20190701094942-4def268fd1a4/go.mod h1:yigFU9vqHzYiE8UmvKecakEJjdnWj3jj499lnFckfCI=
golang.org/x/net v0.0.0-20190404232315-eb5bcb51f2a3/go.mod h1:t9HGtf8HONx5eT2rtn7q6eTqICYqUVnKs3thJo3Qplg=
golang.org/x/net v0.0.0-20190503192946-f4e77d36d62c/go.mod h1:t9HGtf8HONx5eT2rtn7q6eTqICYqUVnKs3thJo3Qplg=
golang.org/x/net v0.0.0-20190724013045-ca1201d0de80/go.mod h1:z5CRVTTTmAJ677TzLLGU+0bjPO0LkuOLi4/5GtJWs/s=
golang.org/x/net v0.0.0-20200202094626-16171245cfb2/go.mod h1:z5CRVTTTmAJ677TzLLGU+0bjPO0LkuOLi4/5GtJWs/s=
golang.org/x/sys v0.0.0-20190215142949-d0b11bdaac8a/go.mod h1:STP8DvDyc/dI5b8T5hshtkjS+E42TnysNCUPdjciGhY=
golang.org/x/sys v0.0.0-20190222072716-a9d3bda3a223/go.mod h1:STP8DvDyc/dI5b8T5hshtkjS+E42TnysNCUPdjciGhY=
golang.org/x/sys v0.0.0-20190403152447-81d4e9dc473e/go.mod h1:h1NjWce9XRLGQEsW7wpKNCjG9DtNlClVuFLEZdDNbEs=
golang.org/x/sys v0.0.0-20190412213103-97732733099d/go.mod h1:h1NjWce9XRLGQEsW7wpKNCjG9DtNlClVuFLEZdDNbEs=
golang.org/x/sys v0.0.0-20190730183949-1393eb018365/go.mod h1:h1NjWce9XRLGQEsW7wpKNCjG9DtNlClVuFLEZdDNbEs=
golang.org/x/text v0.3.0/go.mod h1:NqM8EUOU14njkJ3fqMW+pc6Ldnwhi/IjpwHt7yyuwOQ=
golang.org/x/xerrors v0.0.0-20191204190536-9bdfabe68543/go.mod h1:I/5z698sn9Ka8TeJc9MKroUUfqBBauWjQqLJ2OPfmY0=
google.golang.org/protobuf v0.0.0-20200109180630-ec00e32a8dfd/go.mod h1:DFci5gLYBciE7Vtevhsrf46CRTquxDuWsQurQQe4oz8=
google.golang.org/protobuf v0.0.0-20200221191635-4d8936d0db64/go.mod h1:kwYJMbMJ01Woi6D6+Kah6886xMZcty6N08ah7+eCXa0=
google.golang.org/protobuf v0.0.0-20200228230310-ab0ca4ff8a60 h1:qkfzMNEf79BNs1//mQGZjYHIXAOv+AOdvPnMsU6R+1I=
google.golang.org/protobuf v0.0.0-20200228230310-ab0ca4ff8a60/go.mod h1:cfTl7dwQJ+fmap5saPgwCLgHXTUD7jkjRqWcaiX5VyM=
gopkg.in/check.v1 v0.0.0-20161208181325-20d25e280405/go.mod h1:Co6ibVJAznAaIkqp8huTwlJQCZ016jof/cbN4VW5Yz0=
gopkg.in/check.v1 v1.0.0-20180628173108-788fd7840127/go.mod h1:Co6ibVJAznAaIkqp8huTwlJQCZ016jof/cbN4VW5Yz0=
gopkg.in/go-playground/assert.v1 v1.2.1/go.mod h1:9RXL0bg/zibRAgZUYszZSwO/z8Y/a8bDuhia5mkpMnE=
gopkg.in/go-playground/validator.v8 v8.18.2/go.mod h1:RX2a/7Ha8BgOhfk7j780h4/u/RRjR0eouCJSH80/M2Y=
gopkg.in/jcmturner/aescts.v1 v1.0.1/go.mod h1:nsR8qBOg+OucoIW+WMhB3GspUQXq9XorLnQb9XtvcOo=
gopkg.in/jcmturner/dnsutils.v1 v1.0.1/go.mod h1:m3v+5svpVOhtFAP/wSz+yzh4Mc0Fg7eRhxkJMWSIz9Q=
gopkg.in/jcmturner/goidentity.v3 v3.0.0/go.mod h1:oG2kH0IvSYNIu80dVAyu/yoefjq1mNfM5bm88whjWx4=
gopkg.in/jcmturner/gokrb5.v7 v7.2.3/go.mod h1:l8VISx+WGYp+Fp7KRbsiUuXTTOnxIc3Tuvyavf11/WM=
gopkg.in/jcmturner/rpc.v1 v1.1.0/go.mod h1:YIdkC4XfD6GXbzje11McwsDuOlZQSb9W4vfLvuNnlv8=
gopkg.in/yaml.v2 v2.2.2/go.mod h1:hI93XBmqTisBFMUTm0b8Fm+jr3Dg1NNxqwp+5A1VGuI=
